
Microsoft Visual Studio Solution File, Format Version 12.00
# Visual Studio 15
VisualStudioVersion = 15.0.27130.2027
MinimumVisualStudioVersion = 10.0.40219.1
Project("{DA7A21FA-8162-4350-AD77-A8D1B671F3ED}") = "data", "data\data.rxproj", "{75DB3CED-5D7A-4BD0-B862-C2C3630C70D6}"
EndProject
Global
	GlobalSection(SolutionConfigurationPlatforms) = preSolution
		Debug|Any CPU = Debug|Any CPU
		Release|Any CPU = Release|Any CPU
	EndGlobalSection
	GlobalSection(ProjectConfigurationPlatforms) = postSolution
		{75DB3CED-5D7A-4BD0-B862-C2C3630C70D6}.Debug|Any CPU.ActiveCfg = Debug|Any CPU
		{75DB3CED-5D7A-4BD0-B862-C2C3630C70D6}.Debug|Any CPU.Build.0 = Debug|Any CPU
		{75DB3CED-5D7A-4BD0-B862-C2C3630C70D6}.Release|Any CPU.ActiveCfg = Release|Any CPU
		{75DB3CED-5D7A-4BD0-B862-C2C3630C70D6}.Release|Any CPU.Build.0 = Release|Any CPU
	EndGlobalSection
	GlobalSection(SolutionProperties) = preSolution
		HideSolutionNode = FALSE
	EndGlobalSection
	GlobalSection(ExtensibilityGlobals) = postSolution
		SolutionGuid = {AFD85BA3-A286-4D3D-844B-63F87E620B92}
	EndGlobalSection
EndGlobal
