
Microsoft Visual Studio Solution File, Format Version 12.00
# Visual Studio 15
VisualStudioVersion = 15.0.27130.2027
MinimumVisualStudioVersion = 10.0.40219.1
Project("{DA7A21FA-8162-4350-AD77-A8D1B671F3ED}") = "data_frame", "data_frame\data_frame.rxproj", "{14F0516B-AD26-4EDE-8C82-129AFB3DFAD2}"
EndProject
Global
	GlobalSection(SolutionConfigurationPlatforms) = preSolution
		Debug|Any CPU = Debug|Any CPU
		Release|Any CPU = Release|Any CPU
	EndGlobalSection
	GlobalSection(ProjectConfigurationPlatforms) = postSolution
		{14F0516B-AD26-4EDE-8C82-129AFB3DFAD2}.Debug|Any CPU.ActiveCfg = Debug|Any CPU
		{14F0516B-AD26-4EDE-8C82-129AFB3DFAD2}.Debug|Any CPU.Build.0 = Debug|Any CPU
		{14F0516B-AD26-4EDE-8C82-129AFB3DFAD2}.Release|Any CPU.ActiveCfg = Release|Any CPU
		{14F0516B-AD26-4EDE-8C82-129AFB3DFAD2}.Release|Any CPU.Build.0 = Release|Any CPU
	EndGlobalSection
	GlobalSection(SolutionProperties) = preSolution
		HideSolutionNode = FALSE
	EndGlobalSection
	GlobalSection(ExtensibilityGlobals) = postSolution
		SolutionGuid = {780E7814-641F-44F1-8098-599D83DDADA9}
	EndGlobalSection
EndGlobal
