
Microsoft Visual Studio Solution File, Format Version 12.00
# Visual Studio 15
VisualStudioVersion = 15.0.27130.2027
MinimumVisualStudioVersion = 10.0.40219.1
Project("{DA7A21FA-8162-4350-AD77-A8D1B671F3ED}") = "graph", "graph\graph.rxproj", "{C4968F14-9691-41FE-9232-D2BB9EEF61C2}"
EndProject
Global
	GlobalSection(SolutionConfigurationPlatforms) = preSolution
		Debug|Any CPU = Debug|Any CPU
		Release|Any CPU = Release|Any CPU
	EndGlobalSection
	GlobalSection(ProjectConfigurationPlatforms) = postSolution
		{C4968F14-9691-41FE-9232-D2BB9EEF61C2}.Debug|Any CPU.ActiveCfg = Debug|Any CPU
		{C4968F14-9691-41FE-9232-D2BB9EEF61C2}.Debug|Any CPU.Build.0 = Debug|Any CPU
		{C4968F14-9691-41FE-9232-D2BB9EEF61C2}.Release|Any CPU.ActiveCfg = Release|Any CPU
		{C4968F14-9691-41FE-9232-D2BB9EEF61C2}.Release|Any CPU.Build.0 = Release|Any CPU
	EndGlobalSection
	GlobalSection(SolutionProperties) = preSolution
		HideSolutionNode = FALSE
	EndGlobalSection
	GlobalSection(ExtensibilityGlobals) = postSolution
		SolutionGuid = {DB7C25B0-DAE6-48ED-98D7-4CB2D038D1AF}
	EndGlobalSection
EndGlobal
