
Microsoft Visual Studio Solution File, Format Version 12.00
# Visual Studio 15
VisualStudioVersion = 15.0.27130.2027
MinimumVisualStudioVersion = 10.0.40219.1
Project("{DA7A21FA-8162-4350-AD77-A8D1B671F3ED}") = "naver_word_cloud", "naver_word_cloud\naver_word_cloud.rxproj", "{D89FD077-B1E6-4111-9F9B-0D900E16C2D5}"
EndProject
Global
	GlobalSection(SolutionConfigurationPlatforms) = preSolution
		Debug|Any CPU = Debug|Any CPU
		Release|Any CPU = Release|Any CPU
	EndGlobalSection
	GlobalSection(ProjectConfigurationPlatforms) = postSolution
		{D89FD077-B1E6-4111-9F9B-0D900E16C2D5}.Debug|Any CPU.ActiveCfg = Debug|Any CPU
		{D89FD077-B1E6-4111-9F9B-0D900E16C2D5}.Debug|Any CPU.Build.0 = Debug|Any CPU
		{D89FD077-B1E6-4111-9F9B-0D900E16C2D5}.Release|Any CPU.ActiveCfg = Release|Any CPU
		{D89FD077-B1E6-4111-9F9B-0D900E16C2D5}.Release|Any CPU.Build.0 = Release|Any CPU
	EndGlobalSection
	GlobalSection(SolutionProperties) = preSolution
		HideSolutionNode = FALSE
	EndGlobalSection
	GlobalSection(ExtensibilityGlobals) = postSolution
		SolutionGuid = {3F07BF6C-B620-4AAA-A620-6F7F7F0A5B10}
	EndGlobalSection
EndGlobal
