
Microsoft Visual Studio Solution File, Format Version 12.00
# Visual Studio 15
VisualStudioVersion = 15.0.27130.2027
MinimumVisualStudioVersion = 10.0.40219.1
Project("{DA7A21FA-8162-4350-AD77-A8D1B671F3ED}") = "moring_map", "moring_map\moring_map.rxproj", "{74C431ED-AE4B-4F1D-B05A-217738D5621E}"
EndProject
Global
	GlobalSection(SolutionConfigurationPlatforms) = preSolution
		Debug|Any CPU = Debug|Any CPU
		Release|Any CPU = Release|Any CPU
	EndGlobalSection
	GlobalSection(ProjectConfigurationPlatforms) = postSolution
		{74C431ED-AE4B-4F1D-B05A-217738D5621E}.Debug|Any CPU.ActiveCfg = Debug|Any CPU
		{74C431ED-AE4B-4F1D-B05A-217738D5621E}.Debug|Any CPU.Build.0 = Debug|Any CPU
		{74C431ED-AE4B-4F1D-B05A-217738D5621E}.Release|Any CPU.ActiveCfg = Release|Any CPU
		{74C431ED-AE4B-4F1D-B05A-217738D5621E}.Release|Any CPU.Build.0 = Release|Any CPU
	EndGlobalSection
	GlobalSection(SolutionProperties) = preSolution
		HideSolutionNode = FALSE
	EndGlobalSection
	GlobalSection(ExtensibilityGlobals) = postSolution
		SolutionGuid = {CAFD18FE-07A8-497B-B836-9EC9003D4957}
	EndGlobalSection
EndGlobal
