
Microsoft Visual Studio Solution File, Format Version 12.00
# Visual Studio 15
VisualStudioVersion = 15.0.27130.2027
MinimumVisualStudioVersion = 10.0.40219.1
Project("{DA7A21FA-8162-4350-AD77-A8D1B671F3ED}") = "map_practice", "map_practice\map_practice.rxproj", "{9CEDFB46-693E-4E64-B601-48A1A2DD337B}"
EndProject
Global
	GlobalSection(SolutionConfigurationPlatforms) = preSolution
		Debug|Any CPU = Debug|Any CPU
		Release|Any CPU = Release|Any CPU
	EndGlobalSection
	GlobalSection(ProjectConfigurationPlatforms) = postSolution
		{9CEDFB46-693E-4E64-B601-48A1A2DD337B}.Debug|Any CPU.ActiveCfg = Debug|Any CPU
		{9CEDFB46-693E-4E64-B601-48A1A2DD337B}.Debug|Any CPU.Build.0 = Debug|Any CPU
		{9CEDFB46-693E-4E64-B601-48A1A2DD337B}.Release|Any CPU.ActiveCfg = Release|Any CPU
		{9CEDFB46-693E-4E64-B601-48A1A2DD337B}.Release|Any CPU.Build.0 = Release|Any CPU
	EndGlobalSection
	GlobalSection(SolutionProperties) = preSolution
		HideSolutionNode = FALSE
	EndGlobalSection
	GlobalSection(ExtensibilityGlobals) = postSolution
		SolutionGuid = {341EFCE4-DC33-4B42-A24E-E5D3FC3A940B}
	EndGlobalSection
EndGlobal
