
Microsoft Visual Studio Solution File, Format Version 12.00
# Visual Studio 15
VisualStudioVersion = 15.0.27130.2027
MinimumVisualStudioVersion = 10.0.40219.1
Project("{DA7A21FA-8162-4350-AD77-A8D1B671F3ED}") = "Data_refining", "Data_refining\Data_refining.rxproj", "{7151E44A-8137-47AA-B443-74ABA9D3EEF2}"
EndProject
Global
	GlobalSection(SolutionConfigurationPlatforms) = preSolution
		Debug|Any CPU = Debug|Any CPU
		Release|Any CPU = Release|Any CPU
	EndGlobalSection
	GlobalSection(ProjectConfigurationPlatforms) = postSolution
		{7151E44A-8137-47AA-B443-74ABA9D3EEF2}.Debug|Any CPU.ActiveCfg = Debug|Any CPU
		{7151E44A-8137-47AA-B443-74ABA9D3EEF2}.Debug|Any CPU.Build.0 = Debug|Any CPU
		{7151E44A-8137-47AA-B443-74ABA9D3EEF2}.Release|Any CPU.ActiveCfg = Release|Any CPU
		{7151E44A-8137-47AA-B443-74ABA9D3EEF2}.Release|Any CPU.Build.0 = Release|Any CPU
	EndGlobalSection
	GlobalSection(SolutionProperties) = preSolution
		HideSolutionNode = FALSE
	EndGlobalSection
	GlobalSection(ExtensibilityGlobals) = postSolution
		SolutionGuid = {0260CCFD-8FC1-48AE-8140-E2B6FA32AA1A}
	EndGlobalSection
EndGlobal
