
Microsoft Visual Studio Solution File, Format Version 12.00
# Visual Studio 15
VisualStudioVersion = 15.0.27130.2027
MinimumVisualStudioVersion = 10.0.40219.1
Project("{DA7A21FA-8162-4350-AD77-A8D1B671F3ED}") = "matrix", "matrix\matrix.rxproj", "{B48739F7-ECC9-4FDC-B5B4-F43218C0335A}"
EndProject
Global
	GlobalSection(SolutionConfigurationPlatforms) = preSolution
		Debug|Any CPU = Debug|Any CPU
		Release|Any CPU = Release|Any CPU
	EndGlobalSection
	GlobalSection(ProjectConfigurationPlatforms) = postSolution
		{B48739F7-ECC9-4FDC-B5B4-F43218C0335A}.Debug|Any CPU.ActiveCfg = Debug|Any CPU
		{B48739F7-ECC9-4FDC-B5B4-F43218C0335A}.Debug|Any CPU.Build.0 = Debug|Any CPU
		{B48739F7-ECC9-4FDC-B5B4-F43218C0335A}.Release|Any CPU.ActiveCfg = Release|Any CPU
		{B48739F7-ECC9-4FDC-B5B4-F43218C0335A}.Release|Any CPU.Build.0 = Release|Any CPU
	EndGlobalSection
	GlobalSection(SolutionProperties) = preSolution
		HideSolutionNode = FALSE
	EndGlobalSection
	GlobalSection(ExtensibilityGlobals) = postSolution
		SolutionGuid = {C6C9E03F-10E7-4DCD-AEB9-FBD82490C4FF}
	EndGlobalSection
EndGlobal
