
Microsoft Visual Studio Solution File, Format Version 12.00
# Visual Studio 15
VisualStudioVersion = 15.0.27130.2026
MinimumVisualStudioVersion = 10.0.40219.1
Project("{DA7A21FA-8162-4350-AD77-A8D1B671F3ED}") = "first", "first\first.rxproj", "{044EB808-0064-4E97-8FBF-31B9EF29D832}"
EndProject
Global
	GlobalSection(SolutionConfigurationPlatforms) = preSolution
		Debug|Any CPU = Debug|Any CPU
		Release|Any CPU = Release|Any CPU
	EndGlobalSection
	GlobalSection(ProjectConfigurationPlatforms) = postSolution
		{044EB808-0064-4E97-8FBF-31B9EF29D832}.Debug|Any CPU.ActiveCfg = Debug|Any CPU
		{044EB808-0064-4E97-8FBF-31B9EF29D832}.Debug|Any CPU.Build.0 = Debug|Any CPU
		{044EB808-0064-4E97-8FBF-31B9EF29D832}.Release|Any CPU.ActiveCfg = Release|Any CPU
		{044EB808-0064-4E97-8FBF-31B9EF29D832}.Release|Any CPU.Build.0 = Release|Any CPU
	EndGlobalSection
	GlobalSection(SolutionProperties) = preSolution
		HideSolutionNode = FALSE
	EndGlobalSection
	GlobalSection(ExtensibilityGlobals) = postSolution
		SolutionGuid = {38FE2BF7-D129-4308-A46B-61AD71631135}
	EndGlobalSection
EndGlobal
